
Microsoft Visual Studio Solution File, Format Version 12.00
# Visual Studio Version 17
VisualStudioVersion = 17.0.31903.59
MinimumVisualStudioVersion = 10.0.40219.1
Project("{FAE04EC0-301F-11D3-BF4B-00C04F79EFBC}") = "HowManyOfThisType", "HowManyOfThisType\HowManyOfThisType.csproj", "{2967EB34-DC90-4777-BFFC-0BCA4D331930}"
EndProject
Project("{FAE04EC0-301F-11D3-BF4B-00C04F79EFBC}") = "TheyCameBefore", "TheyCameBefore\TheyCameBefore.csproj", "{D75AD965-3B34-4BEC-9B98-226B4D541225}"
EndProject
Project("{FAE04EC0-301F-11D3-BF4B-00C04F79EFBC}") = "MyGenericClass", "MyGenericClass\MyGenericClass.csproj", "{8A7302D1-C2C2-480D-9BD9-377D283F2E8D}"
EndProject
Project("{FAE04EC0-301F-11D3-BF4B-00C04F79EFBC}") = "MyEnumerable", "MyEnumerable\MyEnumerable.csproj", "{8ACCB531-7C8D-4DF1-B77E-0DF04B7E7FC0}"
EndProject
Project("{FAE04EC0-301F-11D3-BF4B-00C04F79EFBC}") = "JustLikeACollection", "JustLikeACollection\JustLikeACollection.csproj", "{21308F09-E958-4239-AA8B-19423FCA92B5}"
EndProject
Global
	GlobalSection(SolutionConfigurationPlatforms) = preSolution
		Debug|Any CPU = Debug|Any CPU
		Release|Any CPU = Release|Any CPU
	EndGlobalSection
	GlobalSection(SolutionProperties) = preSolution
		HideSolutionNode = FALSE
	EndGlobalSection
	GlobalSection(ProjectConfigurationPlatforms) = postSolution
		{2967EB34-DC90-4777-BFFC-0BCA4D331930}.Debug|Any CPU.ActiveCfg = Debug|Any CPU
		{2967EB34-DC90-4777-BFFC-0BCA4D331930}.Debug|Any CPU.Build.0 = Debug|Any CPU
		{2967EB34-DC90-4777-BFFC-0BCA4D331930}.Release|Any CPU.ActiveCfg = Release|Any CPU
		{2967EB34-DC90-4777-BFFC-0BCA4D331930}.Release|Any CPU.Build.0 = Release|Any CPU
		{D75AD965-3B34-4BEC-9B98-226B4D541225}.Debug|Any CPU.ActiveCfg = Debug|Any CPU
		{D75AD965-3B34-4BEC-9B98-226B4D541225}.Debug|Any CPU.Build.0 = Debug|Any CPU
		{D75AD965-3B34-4BEC-9B98-226B4D541225}.Release|Any CPU.ActiveCfg = Release|Any CPU
		{D75AD965-3B34-4BEC-9B98-226B4D541225}.Release|Any CPU.Build.0 = Release|Any CPU
		{8A7302D1-C2C2-480D-9BD9-377D283F2E8D}.Debug|Any CPU.ActiveCfg = Debug|Any CPU
		{8A7302D1-C2C2-480D-9BD9-377D283F2E8D}.Debug|Any CPU.Build.0 = Debug|Any CPU
		{8A7302D1-C2C2-480D-9BD9-377D283F2E8D}.Release|Any CPU.ActiveCfg = Release|Any CPU
		{8A7302D1-C2C2-480D-9BD9-377D283F2E8D}.Release|Any CPU.Build.0 = Release|Any CPU
		{8ACCB531-7C8D-4DF1-B77E-0DF04B7E7FC0}.Debug|Any CPU.ActiveCfg = Debug|Any CPU
		{8ACCB531-7C8D-4DF1-B77E-0DF04B7E7FC0}.Debug|Any CPU.Build.0 = Debug|Any CPU
		{8ACCB531-7C8D-4DF1-B77E-0DF04B7E7FC0}.Release|Any CPU.ActiveCfg = Release|Any CPU
		{8ACCB531-7C8D-4DF1-B77E-0DF04B7E7FC0}.Release|Any CPU.Build.0 = Release|Any CPU
		{21308F09-E958-4239-AA8B-19423FCA92B5}.Debug|Any CPU.ActiveCfg = Debug|Any CPU
		{21308F09-E958-4239-AA8B-19423FCA92B5}.Debug|Any CPU.Build.0 = Debug|Any CPU
		{21308F09-E958-4239-AA8B-19423FCA92B5}.Release|Any CPU.ActiveCfg = Release|Any CPU
		{21308F09-E958-4239-AA8B-19423FCA92B5}.Release|Any CPU.Build.0 = Release|Any CPU
	EndGlobalSection
EndGlobal
